// !$*UTF8*$!
{
	archiveVersion = 1;
	classes = {
	};
	objectVersion = 77;
	objects = {

/* Begin PBXBuildFile section */
		CB3849A52F8D4B8D004CFA10 /* TournamentService.swift in Sources */ = {isa = PBXBuildFile; fileRef = CB3849A42F8D4B89004CFA10 /* TournamentService.swift */; };
		CB3849A72F8D4BEB004CFA10 /* TournamentListView.swift in Sources */ = {isa = PBXBuildFile; fileRef = CB3849A62F8D4BDB004CFA10 /* TournamentListView.swift */; };
		CB3849A92F8D4C43004CFA10 /* CreateTournamentView.swift in Sources */ = {isa = PBXBuildFile; fileRef = CB3849A82F8D4C3F004CFA10 /* CreateTournamentView.swift */; };
		CB3849AB2F8D4C68004CFA10 /* TournamentDetailView.swift in Sources */ = {isa = PBXBuildFile; fileRef = CB3849AA2F8D4C64004CFA10 /* TournamentDetailView.swift */; };
		CB4D34122F982D2A0029347A /* PlayerProfileView.swift in Sources */ = {isa = PBXBuildFile; fileRef = CB4D34112F982D190029347A /* PlayerProfileView.swift */; };
		CB4D34142F982F910029347A /* StatusManager.swift in Sources */ = {isa = PBXBuildFile; fileRef = CB4D34132F982F840029347A /* StatusManager.swift */; };
		CB55087C2F8E703F00898F2B /* SparringService.swift in Sources */ = {isa = PBXBuildFile; fileRef = CB55087B2F8E703800898F2B /* SparringService.swift */; };
		CB55087E2F8E708000898F2B /* SettingsView.swift in Sources */ = {isa = PBXBuildFile; fileRef = CB55087D2F8E707700898F2B /* SettingsView.swift */; };
		CB55089A2F9115AE00898F2B /* EditRequestView.swift in Sources */ = {isa = PBXBuildFile; fileRef = CB5508992F9115A400898F2B /* EditRequestView.swift */; };
		CB55089C2F9150A600898F2B /* BookedGameDetailView.swift in Sources */ = {isa = PBXBuildFile; fileRef = CB55089B2F91509400898F2B /* BookedGameDetailView.swift */; };
		CB55089E2F9256BC00898F2B /* EditTournamentView.swift in Sources */ = {isa = PBXBuildFile; fileRef = CB55089D2F9256B900898F2B /* EditTournamentView.swift */; };
		CB6664C32F8AA40900DB34E9 /* FeedView.swift in Sources */ = {isa = PBXBuildFile; fileRef = CB6664C12F8AA3FA00DB34E9 /* FeedView.swift */; };
		CB6664C72F8AA42700DB34E9 /* RequestCardView.swift in Sources */ = {isa = PBXBuildFile; fileRef = CB6664C62F8AA42700DB34E9 /* RequestCardView.swift */; };
		CBBD91CB2F98EB3900FBF1C0 /* EditProfileView.swift in Sources */ = {isa = PBXBuildFile; fileRef = CBBD91CA2F98EB3000FBF1C0 /* EditProfileView.swift */; };
		CBD58DC52F8A6B7A00E92606 /* GoogleService-Info.plist in Resources */ = {isa = PBXBuildFile; fileRef = CBD58DC42F8A6B7A00E92606 /* GoogleService-Info.plist */; };
		CBD58DC82F8A70CD00E92606 /* AuthService.swift in Sources */ = {isa = PBXBuildFile; fileRef = CBD58DC72F8A70BA00E92606 /* AuthService.swift */; };
		CBD58DCA2F8A710300E92606 /* ContentView.swift in Sources */ = {isa = PBXBuildFile; fileRef = CBD58DC92F8A70FB00E92606 /* ContentView.swift */; };
		CBD58DCC2F8A713C00E92606 /* LoginView.swift in Sources */ = {isa = PBXBuildFile; fileRef = CBD58DCB2F8A713100E92606 /* LoginView.swift */; };
		CBD58DCE2F8A716900E92606 /* RegisterView.swift in Sources */ = {isa = PBXBuildFile; fileRef = CBD58DCD2F8A716400E92606 /* RegisterView.swift */; };
		CBD58DD02F8A719100E92606 /* MainTabView.swift in Sources */ = {isa = PBXBuildFile; fileRef = CBD58DCF2F8A718E00E92606 /* MainTabView.swift */; };
		CBD58DD22F8A71B700E92606 /* CreateRequestView.swift in Sources */ = {isa = PBXBuildFile; fileRef = CBD58DD12F8A71A800E92606 /* CreateRequestView.swift */; };
		CBD58DD62F8A71EB00E92606 /* ProfileView.swift in Sources */ = {isa = PBXBuildFile; fileRef = CBD58DD52F8A71E400E92606 /* ProfileView.swift */; };
		CBD58DD92F8A730F00E92606 /* FirebaseAuth in Frameworks */ = {isa = PBXBuildFile; productRef = CBD58DD82F8A730F00E92606 /* FirebaseAuth */; };
		CBD58DDB2F8A731900E92606 /* FirebaseFirestore in Frameworks */ = {isa = PBXBuildFile; productRef = CBD58DDA2F8A731900E92606 /* FirebaseFirestore */; };
		CBD58DDD2F8A732800E92606 /* FirebaseAnalytics in Frameworks */ = {isa = PBXBuildFile; productRef = CBD58DDC2F8A732800E92606 /* FirebaseAnalytics */; };
/* End PBXBuildFile section */

/* Begin PBXFileReference section */
		CB3849A42F8D4B89004CFA10 /* TournamentService.swift */ = {isa = PBXFileReference; lastKnownFileType = sourcecode.swift; path = TournamentService.swift; sourceTree = "<group>"; };
		CB3849A62F8D4BDB004CFA10 /* TournamentListView.swift */ = {isa = PBXFileReference; lastKnownFileType = sourcecode.swift; path = TournamentListView.swift; sourceTree = "<group>"; };
		CB3849A82F8D4C3F004CFA10 /* CreateTournamentView.swift */ = {isa = PBXFileReference; lastKnownFileType = sourcecode.swift; path = CreateTournamentView.swift; sourceTree = "<group>"; };
		CB3849AA2F8D4C64004CFA10 /* TournamentDetailView.swift */ = {isa = PBXFileReference; lastKnownFileType = sourcecode.swift; path = TournamentDetailView.swift; sourceTree = "<group>"; };
		CB4D34112F982D190029347A /* PlayerProfileView.swift */ = {isa = PBXFileReference; lastKnownFileType = sourcecode.swift; path = PlayerProfileView.swift; sourceTree = "<group>"; };
		CB4D34132F982F840029347A /* StatusManager.swift */ = {isa = PBXFileReference; lastKnownFileType = sourcecode.swift; path = StatusManager.swift; sourceTree = "<group>"; };
		CB55087B2F8E703800898F2B /* SparringService.swift */ = {isa = PBXFileReference; lastKnownFileType = sourcecode.swift; path = SparringService.swift; sourceTree = "<group>"; };
		CB55087D2F8E707700898F2B /* SettingsView.swift */ = {isa = PBXFileReference; lastKnownFileType = sourcecode.swift; path = SettingsView.swift; sourceTree = "<group>"; };
		CB5508992F9115A400898F2B /* EditRequestView.swift */ = {isa = PBXFileReference; lastKnownFileType = sourcecode.swift; path = EditRequestView.swift; sourceTree = "<group>"; };
		CB55089B2F91509400898F2B /* BookedGameDetailView.swift */ = {isa = PBXFileReference; lastKnownFileType = sourcecode.swift; path = BookedGameDetailView.swift; sourceTree = "<group>"; };
		CB55089D2F9256B900898F2B /* EditTournamentView.swift */ = {isa = PBXFileReference; lastKnownFileType = sourcecode.swift; path = EditTournamentView.swift; sourceTree = "<group>"; };
		CB6664C12F8AA3FA00DB34E9 /* FeedView.swift */ = {isa = PBXFileReference; lastKnownFileType = sourcecode.swift; path = FeedView.swift; sourceTree = "<group>"; };
		CB6664C62F8AA42700DB34E9 /* RequestCardView.swift */ = {isa = PBXFileReference; lastKnownFileType = sourcecode.swift; path = RequestCardView.swift; sourceTree = "<group>"; };
		CBBD91CA2F98EB3000FBF1C0 /* EditProfileView.swift */ = {isa = PBXFileReference; lastKnownFileType = sourcecode.swift; path = EditProfileView.swift; sourceTree = "<group>"; };
		CBD58DB62F8A60A500E92606 /* Spinnet.app */ = {isa = PBXFileReference; explicitFileType = wrapper.application; includeInIndex = 0; path = Spinnet.app; sourceTree = BUILT_PRODUCTS_DIR; };
		CBD58DC42F8A6B7A00E92606 /* GoogleService-Info.plist */ = {isa = PBXFileReference; lastKnownFileType = text.plist.xml; path = "GoogleService-Info.plist"; sourceTree = "<group>"; };
		CBD58DC72F8A70BA00E92606 /* AuthService.swift */ = {isa = PBXFileReference; lastKnownFileType = sourcecode.swift; path = AuthService.swift; sourceTree = "<group>"; };
		CBD58DC92F8A70FB00E92606 /* ContentView.swift */ = {isa = PBXFileReference; lastKnownFileType = sourcecode.swift; path = ContentView.swift; sourceTree = "<group>"; };
		CBD58DCB2F8A713100E92606 /* LoginView.swift */ = {isa = PBXFileReference; lastKnownFileType = sourcecode.swift; path = LoginView.swift; sourceTree = "<group>"; };
		CBD58DCD2F8A716400E92606 /* RegisterView.swift */ = {isa = PBXFileReference; lastKnownFileType = sourcecode.swift; path = RegisterView.swift; sourceTree = "<group>"; };
		CBD58DCF2F8A718E00E92606 /* MainTabView.swift */ = {isa = PBXFileReference; lastKnownFileType = sourcecode.swift; path = MainTabView.swift; sourceTree = "<group>"; };
		CBD58DD12F8A71A800E92606 /* CreateRequestView.swift */ = {isa = PBXFileReference; lastKnownFileType = sourcecode.swift; path = CreateRequestView.swift; sourceTree = "<group>"; };
		CBD58DD52F8A71E400E92606 /* ProfileView.swift */ = {isa = PBXFileReference; lastKnownFileType = sourcecode.swift; path = ProfileView.swift; sourceTree = "<group>"; };
/* End PBXFileReference section */

/* Begin PBXFileSystemSynchronizedRootGroup section */
		CBD58DB82F8A60A500E92606 /* Spinnet */ = {
			isa = PBXFileSystemSynchronizedRootGroup;
			path = Spinnet;
			sourceTree = "<group>";
		};
		CBD58DDE2F8A8EC600E92606 /* App */ = {
			isa = PBXFileSystemSynchronizedRootGroup;
			path = App;
			sourceTree = "<group>";
		};
		CBD58DE52F8AA1C100E92606 /* Feed */ = {
			isa = PBXFileSystemSynchronizedRootGroup;
			path = Feed;
			sourceTree = "<group>";
		};
/* End PBXFileSystemSynchronizedRootGroup section */

/* Begin PBXFrameworksBuildPhase section */
		CBD58DB32F8A60A500E92606 /* Frameworks */ = {
			isa = PBXFrameworksBuildPhase;
			buildActionMask = 2147483647;
			files = (
				CBD58DD92F8A730F00E92606 /* FirebaseAuth in Frameworks */,
				CBD58DDB2F8A731900E92606 /* FirebaseFirestore in Frameworks */,
				CBD58DDD2F8A732800E92606 /* FirebaseAnalytics in Frameworks */,
			);
			runOnlyForDeploymentPostprocessing = 0;
		};
/* End PBXFrameworksBuildPhase section */

/* Begin PBXGroup section */
		CBD58DAD2F8A60A500E92606 = {
			isa = PBXGroup;
			children = (
				CBD58DE22F8A8EE800E92606 /* Views */,
				CBD58DE12F8A8EDF00E92606 /* Services */,
				CBD58DDE2F8A8EC600E92606 /* App */,
				CBD58DB82F8A60A500E92606 /* Spinnet */,
				CBD58DB72F8A60A500E92606 /* Products */,
				CBD58DC42F8A6B7A00E92606 /* GoogleService-Info.plist */,
				CBD58DD72F8A730F00E92606 /* Frameworks */,
			);
			sourceTree = "<group>";
		};
		CBD58DB72F8A60A500E92606 /* Products */ = {
			isa = PBXGroup;
			children = (
				CBD58DB62F8A60A500E92606 /* Spinnet.app */,
			);
			name = Products;
			sourceTree = "<group>";
		};
		CBD58DD72F8A730F00E92606 /* Frameworks */ = {
			isa = PBXGroup;
			children = (
			);
			name = Frameworks;
			sourceTree = "<group>";
		};
		CBD58DE12F8A8EDF00E92606 /* Services */ = {
			isa = PBXGroup;
			children = (
				CB3849A42F8D4B89004CFA10 /* TournamentService.swift */,
				CBD58DC72F8A70BA00E92606 /* AuthService.swift */,
				CB55087B2F8E703800898F2B /* SparringService.swift */,
				CB4D34132F982F840029347A /* StatusManager.swift */,
			);
			path = Services;
			sourceTree = "<group>";
		};
		CBD58DE22F8A8EE800E92606 /* Views */ = {
			isa = PBXGroup;
			children = (
				CBBD91CA2F98EB3000FBF1C0 /* EditProfileView.swift */,
				CB55089D2F9256B900898F2B /* EditTournamentView.swift */,
				CB55089B2F91509400898F2B /* BookedGameDetailView.swift */,
				CB5508992F9115A400898F2B /* EditRequestView.swift */,
				CB55087D2F8E707700898F2B /* SettingsView.swift */,
				CB3849A82F8D4C3F004CFA10 /* CreateTournamentView.swift */,
				CB3849A62F8D4BDB004CFA10 /* TournamentListView.swift */,
				CBD58DCB2F8A713100E92606 /* LoginView.swift */,
				CBD58DCD2F8A716400E92606 /* RegisterView.swift */,
				CBD58DC92F8A70FB00E92606 /* ContentView.swift */,
				CBD58DD12F8A71A800E92606 /* CreateRequestView.swift */,
				CBD58DCF2F8A718E00E92606 /* MainTabView.swift */,
				CBD58DD52F8A71E400E92606 /* ProfileView.swift */,
				CBD58DE52F8AA1C100E92606 /* Feed */,
				CB6664C62F8AA42700DB34E9 /* RequestCardView.swift */,
				CB6664C12F8AA3FA00DB34E9 /* FeedView.swift */,
				CB3849AA2F8D4C64004CFA10 /* TournamentDetailView.swift */,
				CB4D34112F982D190029347A /* PlayerProfileView.swift */,
			);
			path = Views;
			sourceTree = "<group>";
		};
/* End PBXGroup section */

/* Begin PBXNativeTarget section */
		CBD58DB52F8A60A500E92606 /* Spinnet */ = {
			isa = PBXNativeTarget;
			buildConfigurationList = CBD58DC12F8A60A600E92606 /* Build configuration list for PBXNativeTarget "Spinnet" */;
			buildPhases = (
				CBD58DB22F8A60A500E92606 /* Sources */,
				CBD58DB32F8A60A500E92606 /* Frameworks */,
				CBD58DB42F8A60A500E92606 /* Resources */,
			);
			buildRules = (
			);
			dependencies = (
			);
			fileSystemSynchronizedGroups = (
				CBD58DB82F8A60A500E92606 /* Spinnet */,
				CBD58DDE2F8A8EC600E92606 /* App */,
				CBD58DE52F8AA1C100E92606 /* Feed */,
			);
			name = Spinnet;
			packageProductDependencies = (
				CBD58DD82F8A730F00E92606 /* FirebaseAuth */,
				CBD58DDA2F8A731900E92606 /* FirebaseFirestore */,
				CBD58DDC2F8A732800E92606 /* FirebaseAnalytics */,
			);
			productName = Spinnet;
			productReference = CBD58DB62F8A60A500E92606 /* Spinnet.app */;
			productType = "com.apple.product-type.application";
		};
/* End PBXNativeTarget section */

/* Begin PBXProject section */
		CBD58DAE2F8A60A500E92606 /* Project object */ = {
			isa = PBXProject;
			attributes = {
				BuildIndependentTargetsInParallel = 1;
				LastSwiftUpdateCheck = 2640;
				LastUpgradeCheck = 2640;
				TargetAttributes = {
					CBD58DB52F8A60A500E92606 = {
						CreatedOnToolsVersion = 26.4;
					};
				};
			};
			buildConfigurationList = CBD58DB12F8A60A500E92606 /* Build configuration list for PBXProject "Spinnet" */;
			developmentRegion = en;
			hasScannedForEncodings = 0;
			knownRegions = (
				en,
				Base,
			);
			mainGroup = CBD58DAD2F8A60A500E92606;
			minimizedProjectReferenceProxies = 1;
			packageReferences = (
				CBD58DC62F8A6C5E00E92606 /* XCRemoteSwiftPackageReference "firebase-ios-sdk" */,
			);
			preferredProjectObjectVersion = 77;
			productRefGroup = CBD58DB72F8A60A500E92606 /* Products */;
			projectDirPath = "";
			projectRoot = "";
			targets = (
				CBD58DB52F8A60A500E92606 /* Spinnet */,
			);
		};
/* End PBXProject section */

/* Begin PBXResourcesBuildPhase section */
		CBD58DB42F8A60A500E92606 /* Resources */ = {
			isa = PBXResourcesBuildPhase;
			buildActionMask = 2147483647;
			files = (
				CBD58DC52F8A6B7A00E92606 /* GoogleService-Info.plist in Resources */,
			);
			runOnlyForDeploymentPostprocessing = 0;
		};
/* End PBXResourcesBuildPhase section */

/* Begin PBXSourcesBuildPhase section */
		CBD58DB22F8A60A500E92606 /* Sources */ = {
			isa = PBXSourcesBuildPhase;
			buildActionMask = 2147483647;
			files = (
				CBD58DC82F8A70CD00E92606 /* AuthService.swift in Sources */,
				CB55089C2F9150A600898F2B /* BookedGameDetailView.swift in Sources */,
				CB6664C32F8AA40900DB34E9 /* FeedView.swift in Sources */,
				CBD58DD62F8A71EB00E92606 /* ProfileView.swift in Sources */,
				CBD58DD22F8A71B700E92606 /* CreateRequestView.swift in Sources */,
				CB3849AB2F8D4C68004CFA10 /* TournamentDetailView.swift in Sources */,
				CB55087C2F8E703F00898F2B /* SparringService.swift in Sources */,
				CB55089E2F9256BC00898F2B /* EditTournamentView.swift in Sources */,
				CBD58DCA2F8A710300E92606 /* ContentView.swift in Sources */,
				CB6664C72F8AA42700DB34E9 /* RequestCardView.swift in Sources */,
				CB55087E2F8E708000898F2B /* SettingsView.swift in Sources */,
				CB3849A92F8D4C43004CFA10 /* CreateTournamentView.swift in Sources */,
				CBD58DCE2F8A716900E92606 /* RegisterView.swift in Sources */,
				CBBD91CB2F98EB3900FBF1C0 /* EditProfileView.swift in Sources */,
				CB4D34142F982F910029347A /* StatusManager.swift in Sources */,
				CB3849A52F8D4B8D004CFA10 /* TournamentService.swift in Sources */,
				CB55089A2F9115AE00898F2B /* EditRequestView.swift in Sources */,
				CB4D34122F982D2A0029347A /* PlayerProfileView.swift in Sources */,
				CBD58DD02F8A719100E92606 /* MainTabView.swift in Sources */,
				CBD58DCC2F8A713C00E92606 /* LoginView.swift in Sources */,
				CB3849A72F8D4BEB004CFA10 /* TournamentListView.swift in Sources */,
			);
			runOnlyForDeploymentPostprocessing = 0;
		};
/* End PBXSourcesBuildPhase section */

/* Begin XCBuildConfiguration section */
		CBD58DBF2F8A60A600E92606 /* Debug */ = {
			isa = XCBuildConfiguration;
			buildSettings = {
				ALWAYS_SEARCH_USER_PATHS = NO;
				ASSETCATALOG_COMPILER_GENERATE_SWIFT_ASSET_SYMBOL_EXTENSIONS = YES;
				CLANG_ANALYZER_NONNULL = YES;
				CLANG_ANALYZER_NUMBER_OBJECT_CONVERSION = YES_AGGRESSIVE;
				CLANG_CXX_LANGUAGE_STANDARD = "gnu++20";
				CLANG_ENABLE_MODULES = YES;
				CLANG_ENABLE_OBJC_ARC = YES;
				CLANG_ENABLE_OBJC_WEAK = YES;
				CLANG_WARN_BLOCK_CAPTURE_AUTORELEASING = YES;
				CLANG_WARN_BOOL_CONVERSION = YES;
				CLANG_WARN_COMMA = YES;
				CLANG_WARN_CONSTANT_CONVERSION = YES;
				CLANG_WARN_DEPRECATED_OBJC_IMPLEMENTATIONS = YES;
				CLANG_WARN_DIRECT_OBJC_ISA_USAGE = YES_ERROR;
				CLANG_WARN_DOCUMENTATION_COMMENTS = YES;
				CLANG_WARN_EMPTY_BODY = YES;
				CLANG_WARN_ENUM_CONVERSION = YES;
				CLANG_WARN_INFINITE_RECURSION = YES;
				CLANG_WARN_INT_CONVERSION = YES;
				CLANG_WARN_NON_LITERAL_NULL_CONVERSION = YES;
				CLANG_WARN_OBJC_IMPLICIT_RETAIN_SELF = YES;
				CLANG_WARN_OBJC_LITERAL_CONVERSION = YES;
				CLANG_WARN_OBJC_ROOT_CLASS = YES_ERROR;
				CLANG_WARN_QUOTED_INCLUDE_IN_FRAMEWORK_HEADER = YES;
				CLANG_WARN_RANGE_LOOP_ANALYSIS = YES;
				CLANG_WARN_STRICT_PROTOTYPES = YES;
				CLANG_WARN_SUSPICIOUS_MOVE = YES;
				CLANG_WARN_UNGUARDED_AVAILABILITY = YES_AGGRESSIVE;
				CLANG_WARN_UNREACHABLE_CODE = YES;
				CLANG_WARN__DUPLICATE_METHOD_MATCH = YES;
				COPY_PHASE_STRIP = NO;
				DEBUG_INFORMATION_FORMAT = dwarf;
				DEVELOPMENT_TEAM = 9KJTSBJ8M2;
				ENABLE_STRICT_OBJC_MSGSEND = YES;
				ENABLE_TESTABILITY = YES;
				ENABLE_USER_SCRIPT_SANDBOXING = YES;
				GCC_C_LANGUAGE_STANDARD = gnu17;
				GCC_DYNAMIC_NO_PIC = NO;
				GCC_NO_COMMON_BLOCKS = YES;
				GCC_OPTIMIZATION_LEVEL = 0;
				GCC_PREPROCESSOR_DEFINITIONS = (
					"DEBUG=1",
					"$(inherited)",
				);
				GCC_WARN_64_TO_32_BIT_CONVERSION = YES;
				GCC_WARN_ABOUT_RETURN_TYPE = YES_ERROR;
				GCC_WARN_UNDECLARED_SELECTOR = YES;
				GCC_WARN_UNINITIALIZED_AUTOS = YES_AGGRESSIVE;
				GCC_WARN_UNUSED_FUNCTION = YES;
				GCC_WARN_UNUSED_VARIABLE = YES;
				IPHONEOS_DEPLOYMENT_TARGET = 26.4;
				LOCALIZATION_PREFERS_STRING_CATALOGS = YES;
				MTL_ENABLE_DEBUG_INFO = INCLUDE_SOURCE;
				MTL_FAST_MATH = YES;
				ONLY_ACTIVE_ARCH = YES;
				SDKROOT = iphoneos;
				SWIFT_ACTIVE_COMPILATION_CONDITIONS = "DEBUG $(inherited)";
				SWIFT_OPTIMIZATION_LEVEL = "-Onone";
			};
			name = Debug;
		};
		CBD58DC02F8A60A600E92606 /* Release */ = {
			isa = XCBuildConfiguration;
			buildSettings = {
				ALWAYS_SEARCH_USER_PATHS = NO;
				ASSETCATALOG_COMPILER_GENERATE_SWIFT_ASSET_SYMBOL_EXTENSIONS = YES;
				CLANG_ANALYZER_NONNULL = YES;
				CLANG_ANALYZER_NUMBER_OBJECT_CONVERSION = YES_AGGRESSIVE;
				CLANG_CXX_LANGUAGE_STANDARD = "gnu++20";
				CLANG_ENABLE_MODULES = YES;
				CLANG_ENABLE_OBJC_ARC = YES;
				CLANG_ENABLE_OBJC_WEAK = YES;
				CLANG_WARN_BLOCK_CAPTURE_AUTORELEASING = YES;
				CLANG_WARN_BOOL_CONVERSION = YES;
				CLANG_WARN_COMMA = YES;
				CLANG_WARN_CONSTANT_CONVERSION = YES;
				CLANG_WARN_DEPRECATED_OBJC_IMPLEMENTATIONS = YES;
				CLANG_WARN_DIRECT_OBJC_ISA_USAGE = YES_ERROR;
				CLANG_WARN_DOCUMENTATION_COMMENTS = YES;
				CLANG_WARN_EMPTY_BODY = YES;
				CLANG_WARN_ENUM_CONVERSION = YES;
				CLANG_WARN_INFINITE_RECURSION = YES;
				CLANG_WARN_INT_CONVERSION = YES;
				CLANG_WARN_NON_LITERAL_NULL_CONVERSION = YES;
				CLANG_WARN_OBJC_IMPLICIT_RETAIN_SELF = YES;
				CLANG_WARN_OBJC_LITERAL_CONVERSION = YES;
				CLANG_WARN_OBJC_ROOT_CLASS = YES_ERROR;
				CLANG_WARN_QUOTED_INCLUDE_IN_FRAMEWORK_HEADER = YES;
				CLANG_WARN_RANGE_LOOP_ANALYSIS = YES;
				CLANG_WARN_STRICT_PROTOTYPES = YES;
				CLANG_WARN_SUSPICIOUS_MOVE = YES;
				CLANG_WARN_UNGUARDED_AVAILABILITY = YES_AGGRESSIVE;
				CLANG_WARN_UNREACHABLE_CODE = YES;
				CLANG_WARN__DUPLICATE_METHOD_MATCH = YES;
				COPY_PHASE_STRIP = NO;
				DEBUG_INFORMATION_FORMAT = "dwarf-with-dsym";
				DEVELOPMENT_TEAM = 9KJTSBJ8M2;
				ENABLE_NS_ASSERTIONS = NO;
				ENABLE_STRICT_OBJC_MSGSEND = YES;
				ENABLE_USER_SCRIPT_SANDBOXING = YES;
				GCC_C_LANGUAGE_STANDARD = gnu17;
				GCC_NO_COMMON_BLOCKS = YES;
				GCC_WARN_64_TO_32_BIT_CONVERSION = YES;
				GCC_WARN_ABOUT_RETURN_TYPE = YES_ERROR;
				GCC_WARN_UNDECLARED_SELECTOR = YES;
				GCC_WARN_UNINITIALIZED_AUTOS = YES_AGGRESSIVE;
				GCC_WARN_UNUSED_FUNCTION = YES;
				GCC_WARN_UNUSED_VARIABLE = YES;
				IPHONEOS_DEPLOYMENT_TARGET = 26.4;
				LOCALIZATION_PREFERS_STRING_CATALOGS = YES;
				MTL_ENABLE_DEBUG_INFO = NO;
				MTL_FAST_MATH = YES;
				SDKROOT = iphoneos;
				SWIFT_COMPILATION_MODE = wholemodule;
				VALIDATE_PRODUCT = YES;
			};
			name = Release;
		};
		CBD58DC22F8A60A600E92606 /* Debug */ = {
			isa = XCBuildConfiguration;
			buildSettings = {
				ASSETCATALOG_COMPILER_APPICON_NAME = AppIcon;
				ASSETCATALOG_COMPILER_GLOBAL_ACCENT_COLOR_NAME = AccentColor;
				CODE_SIGN_STYLE = Automatic;
				CURRENT_PROJECT_VERSION = 1;
				DEVELOPMENT_TEAM = 9KJTSBJ8M2;
				ENABLE_PREVIEWS = YES;
				GENERATE_INFOPLIST_FILE = YES;
				INFOPLIST_KEY_UIApplicationSceneManifest_Generation = YES;
				INFOPLIST_KEY_UIApplicationSupportsIndirectInputEvents = YES;
				INFOPLIST_KEY_UILaunchScreen_Generation = YES;
				INFOPLIST_KEY_UISupportedInterfaceOrientations_iPad = "UIInterfaceOrientationPortrait UIInterfaceOrientationPortraitUpsideDown UIInterfaceOrientationLandscapeLeft UIInterfaceOrientationLandscapeRight";
				INFOPLIST_KEY_UISupportedInterfaceOrientations_iPhone = "UIInterfaceOrientationPortrait UIInterfaceOrientationLandscapeLeft UIInterfaceOrientationLandscapeRight";
				IPHONEOS_DEPLOYMENT_TARGET = 26.0;
				LD_RUNPATH_SEARCH_PATHS = (
					"$(inherited)",
					"@executable_path/Frameworks",
				);
				MARKETING_VERSION = 1.0;
				PRODUCT_BUNDLE_IDENTIFIER = com.Spinnet;
				PRODUCT_NAME = "$(TARGET_NAME)";
				STRING_CATALOG_GENERATE_SYMBOLS = YES;
				SWIFT_APPROACHABLE_CONCURRENCY = YES;
				SWIFT_DEFAULT_ACTOR_ISOLATION = MainActor;
				SWIFT_EMIT_LOC_STRINGS = YES;
				SWIFT_UPCOMING_FEATURE_MEMBER_IMPORT_VISIBILITY = YES;
				SWIFT_VERSION = 5.0;
				TARGETED_DEVICE_FAMILY = "1,2";
			};
			name = Debug;
		};
		CBD58DC32F8A60A600E92606 /* Release */ = {
			isa = XCBuildConfiguration;
			buildSettings = {
				ASSETCATALOG_COMPILER_APPICON_NAME = AppIcon;
				ASSETCATALOG_COMPILER_GLOBAL_ACCENT_COLOR_NAME = AccentColor;
				CODE_SIGN_STYLE = Automatic;
				CURRENT_PROJECT_VERSION = 1;
				DEVELOPMENT_TEAM = 9KJTSBJ8M2;
				ENABLE_PREVIEWS = YES;
				GENERATE_INFOPLIST_FILE = YES;
				INFOPLIST_KEY_UIApplicationSceneManifest_Generation = YES;
				INFOPLIST_KEY_UIApplicationSupportsIndirectInputEvents = YES;
				INFOPLIST_KEY_UILaunchScreen_Generation = YES;
				INFOPLIST_KEY_UISupportedInterfaceOrientations_iPad = "UIInterfaceOrientationPortrait UIInterfaceOrientationPortraitUpsideDown UIInterfaceOrientationLandscapeLeft UIInterfaceOrientationLandscapeRight";
				INFOPLIST_KEY_UISupportedInterfaceOrientations_iPhone = "UIInterfaceOrientationPortrait UIInterfaceOrientationLandscapeLeft UIInterfaceOrientationLandscapeRight";
				IPHONEOS_DEPLOYMENT_TARGET = 26.0;
				LD_RUNPATH_SEARCH_PATHS = (
					"$(inherited)",
					"@executable_path/Frameworks",
				);
				MARKETING_VERSION = 1.0;
				PRODUCT_BUNDLE_IDENTIFIER = com.Spinnet;
				PRODUCT_NAME = "$(TARGET_NAME)";
				STRING_CATALOG_GENERATE_SYMBOLS = YES;
				SWIFT_APPROACHABLE_CONCURRENCY = YES;
				SWIFT_DEFAULT_ACTOR_ISOLATION = MainActor;
				SWIFT_EMIT_LOC_STRINGS = YES;
				SWIFT_UPCOMING_FEATURE_MEMBER_IMPORT_VISIBILITY = YES;
				SWIFT_VERSION = 5.0;
				TARGETED_DEVICE_FAMILY = "1,2";
			};
			name = Release;
		};
/* End XCBuildConfiguration section */

/* Begin XCConfigurationList section */
		CBD58DB12F8A60A500E92606 /* Build configuration list for PBXProject "Spinnet" */ = {
			isa = XCConfigurationList;
			buildConfigurations = (
				CBD58DBF2F8A60A600E92606 /* Debug */,
				CBD58DC02F8A60A600E92606 /* Release */,
			);
			defaultConfigurationIsVisible = 0;
			defaultConfigurationName = Release;
		};
		CBD58DC12F8A60A600E92606 /* Build configuration list for PBXNativeTarget "Spinnet" */ = {
			isa = XCConfigurationList;
			buildConfigurations = (
				CBD58DC22F8A60A600E92606 /* Debug */,
				CBD58DC32F8A60A600E92606 /* Release */,
			);
			defaultConfigurationIsVisible = 0;
			defaultConfigurationName = Release;
		};
/* End XCConfigurationList section */

/* Begin XCRemoteSwiftPackageReference section */
		CBD58DC62F8A6C5E00E92606 /* XCRemoteSwiftPackageReference "firebase-ios-sdk" */ = {
			isa = XCRemoteSwiftPackageReference;
			repositoryURL = "https://github.com/firebase/firebase-ios-sdk";
			requirement = {
				kind = upToNextMajorVersion;
				minimumVersion = 12.12.0;
			};
		};
/* End XCRemoteSwiftPackageReference section */

/* Begin XCSwiftPackageProductDependency section */
		CBD58DD82F8A730F00E92606 /* FirebaseAuth */ = {
			isa = XCSwiftPackageProductDependency;
			package = CBD58DC62F8A6C5E00E92606 /* XCRemoteSwiftPackageReference "firebase-ios-sdk" */;
			productName = FirebaseAuth;
		};
		CBD58DDA2F8A731900E92606 /* FirebaseFirestore */ = {
			isa = XCSwiftPackageProductDependency;
			package = CBD58DC62F8A6C5E00E92606 /* XCRemoteSwiftPackageReference "firebase-ios-sdk" */;
			productName = FirebaseFirestore;
		};
		CBD58DDC2F8A732800E92606 /* FirebaseAnalytics */ = {
			isa = XCSwiftPackageProductDependency;
			package = CBD58DC62F8A6C5E00E92606 /* XCRemoteSwiftPackageReference "firebase-ios-sdk" */;
			productName = FirebaseAnalytics;
		};
/* End XCSwiftPackageProductDependency section */
	};
	rootObject = CBD58DAE2F8A60A500E92606 /* Project object */;
}
